
Microsoft Visual Studio Solution File, Format Version 12.00
# Visual Studio Version 17
VisualStudioVersion = 17.1.32228.430
MinimumVisualStudioVersion = 10.0.40219.1
Project("{FAE04EC0-301F-11D3-BF4B-00C04F79EFBC}") = "MembrosEstaticos", "MembrosEstaticos.csproj", "{472B6F6C-4115-497F-9FEB-CAC40E27AB95}"
EndProject
Global
	GlobalSection(SolutionConfigurationPlatforms) = preSolution
		Debug|Any CPU = Debug|Any CPU
		Release|Any CPU = Release|Any CPU
	EndGlobalSection
	GlobalSection(ProjectConfigurationPlatforms) = postSolution
		{472B6F6C-4115-497F-9FEB-CAC40E27AB95}.Debug|Any CPU.ActiveCfg = Debug|Any CPU
		{472B6F6C-4115-497F-9FEB-CAC40E27AB95}.Debug|Any CPU.Build.0 = Debug|Any CPU
		{472B6F6C-4115-497F-9FEB-CAC40E27AB95}.Release|Any CPU.ActiveCfg = Release|Any CPU
		{472B6F6C-4115-497F-9FEB-CAC40E27AB95}.Release|Any CPU.Build.0 = Release|Any CPU
	EndGlobalSection
	GlobalSection(SolutionProperties) = preSolution
		HideSolutionNode = FALSE
	EndGlobalSection
	GlobalSection(ExtensibilityGlobals) = postSolution
		SolutionGuid = {90204679-0C87-429C-85CE-CB73F1F4B24C}
	EndGlobalSection
EndGlobal
